
Microsoft Visual Studio Solution File, Format Version 12.00
# Visual Studio Version 17
VisualStudioVersion = 17.8.34309.116
MinimumVisualStudioVersion = 10.0.40219.1
Project("{FAE04EC0-301F-11D3-BF4B-00C04F79EFBC}") = "p1u4", "p1u4\p1u4.csproj", "{91010ABF-4923-4C32-8921-BF47F136CBF6}"
EndProject
Global
	GlobalSection(SolutionConfigurationPlatforms) = preSolution
		Debug|Any CPU = Debug|Any CPU
		Release|Any CPU = Release|Any CPU
	EndGlobalSection
	GlobalSection(ProjectConfigurationPlatforms) = postSolution
		{91010ABF-4923-4C32-8921-BF47F136CBF6}.Debug|Any CPU.ActiveCfg = Debug|Any CPU
		{91010ABF-4923-4C32-8921-BF47F136CBF6}.Debug|Any CPU.Build.0 = Debug|Any CPU
		{91010ABF-4923-4C32-8921-BF47F136CBF6}.Release|Any CPU.ActiveCfg = Release|Any CPU
		{91010ABF-4923-4C32-8921-BF47F136CBF6}.Release|Any CPU.Build.0 = Release|Any CPU
	EndGlobalSection
	GlobalSection(SolutionProperties) = preSolution
		HideSolutionNode = FALSE
	EndGlobalSection
	GlobalSection(ExtensibilityGlobals) = postSolution
		SolutionGuid = {403E2C66-F55D-461C-AC8C-C94EE2E40787}
	EndGlobalSection
EndGlobal
